
Microsoft Visual Studio Solution File, Format Version 12.00
# Visual Studio 15
VisualStudioVersion = 15.0.27130.2036
MinimumVisualStudioVersion = 10.0.40219.1
Project("{FAE04EC0-301F-11D3-BF4B-00C04F79EFBC}") = "Game", "Game\Game.csproj", "{4B96137A-5E6A-434B-BBF0-8B3C9342750C}"
EndProject
Global
	GlobalSection(SolutionConfigurationPlatforms) = preSolution
		Debug|Any CPU = Debug|Any CPU
		Debug|Win32 = Debug|Win32
		Debug|x64 = Debug|x64
		Debug|x86 = Debug|x86
		Release|Any CPU = Release|Any CPU
		Release|Win32 = Release|Win32
		Release|x64 = Release|x64
		Release|x86 = Release|x86
	EndGlobalSection
	GlobalSection(ProjectConfigurationPlatforms) = postSolution
		{4B96137A-5E6A-434B-BBF0-8B3C9342750C}.Debug|Any CPU.ActiveCfg = Debug|Any CPU
		{4B96137A-5E6A-434B-BBF0-8B3C9342750C}.Debug|Any CPU.Build.0 = Debug|Any CPU
		{4B96137A-5E6A-434B-BBF0-8B3C9342750C}.Debug|Win32.ActiveCfg = Debug|Any CPU
		{4B96137A-5E6A-434B-BBF0-8B3C9342750C}.Debug|Win32.Build.0 = Debug|Any CPU
		{4B96137A-5E6A-434B-BBF0-8B3C9342750C}.Debug|x64.ActiveCfg = Debug|x64
		{4B96137A-5E6A-434B-BBF0-8B3C9342750C}.Debug|x64.Build.0 = Debug|x64
		{4B96137A-5E6A-434B-BBF0-8B3C9342750C}.Debug|x86.ActiveCfg = Debug|x86
		{4B96137A-5E6A-434B-BBF0-8B3C9342750C}.Debug|x86.Build.0 = Debug|x86
		{4B96137A-5E6A-434B-BBF0-8B3C9342750C}.Release|Any CPU.ActiveCfg = Release|Any CPU
		{4B96137A-5E6A-434B-BBF0-8B3C9342750C}.Release|Any CPU.Build.0 = Release|Any CPU
		{4B96137A-5E6A-434B-BBF0-8B3C9342750C}.Release|Win32.ActiveCfg = Release|Any CPU
		{4B96137A-5E6A-434B-BBF0-8B3C9342750C}.Release|Win32.Build.0 = Release|Any CPU
		{4B96137A-5E6A-434B-BBF0-8B3C9342750C}.Release|x64.ActiveCfg = Release|x64
		{4B96137A-5E6A-434B-BBF0-8B3C9342750C}.Release|x64.Build.0 = Release|x64
		{4B96137A-5E6A-434B-BBF0-8B3C9342750C}.Release|x86.ActiveCfg = Release|x86
		{4B96137A-5E6A-434B-BBF0-8B3C9342750C}.Release|x86.Build.0 = Release|x86
	EndGlobalSection
	GlobalSection(SolutionProperties) = preSolution
		HideSolutionNode = FALSE
	EndGlobalSection
	GlobalSection(ExtensibilityGlobals) = postSolution
		SolutionGuid = {4E5DA73C-9F89-4574-9B3C-32706FE62495}
	EndGlobalSection
EndGlobal
